
Microsoft Visual Studio Solution File, Format Version 12.00
# Visual Studio Version 17
VisualStudioVersion = 17.2.32526.322
MinimumVisualStudioVersion = 10.0.40219.1
Project("{9A19103F-16F7-4668-BE54-9A1E7A4F7556}") = "Ardalis.RouteAndBodyModelBinding", "src\Ardalis.RouteAndBodyModelBinding\Ardalis.RouteAndBodyModelBinding.csproj", "{188AABF6-D280-4360-A37E-2E659541CD93}"
EndProject
Project("{2150E333-8FDC-42A3-9474-1A3956D46DE8}") = "src", "src", "{ED733B20-0084-45E8-84AE-530947CCF027}"
EndProject
Project("{2150E333-8FDC-42A3-9474-1A3956D46DE8}") = "_solution Items", "_solution Items", "{60164A99-E2E1-463B-9495-064FC087AD48}"
	ProjectSection(SolutionItems) = preProject
		.editorconfig = .editorconfig
	EndProjectSection
EndProject
Project("{FAE04EC0-301F-11D3-BF4B-00C04F79EFBC}") = "Ardalis.ApiEndpoint", "Ardalis.ApiEndpoint\Ardalis.ApiEndpoint.csproj", "{34810FAC-75B5-4C23-968D-E5619402FE4A}"
EndProject
Global
	GlobalSection(SolutionConfigurationPlatforms) = preSolution
		Debug|Any CPU = Debug|Any CPU
		Release|Any CPU = Release|Any CPU
	EndGlobalSection
	GlobalSection(ProjectConfigurationPlatforms) = postSolution
		{188AABF6-D280-4360-A37E-2E659541CD93}.Debug|Any CPU.ActiveCfg = Debug|Any CPU
		{188AABF6-D280-4360-A37E-2E659541CD93}.Debug|Any CPU.Build.0 = Debug|Any CPU
		{188AABF6-D280-4360-A37E-2E659541CD93}.Release|Any CPU.ActiveCfg = Release|Any CPU
		{188AABF6-D280-4360-A37E-2E659541CD93}.Release|Any CPU.Build.0 = Release|Any CPU
		{34810FAC-75B5-4C23-968D-E5619402FE4A}.Debug|Any CPU.ActiveCfg = Debug|Any CPU
		{34810FAC-75B5-4C23-968D-E5619402FE4A}.Debug|Any CPU.Build.0 = Debug|Any CPU
		{34810FAC-75B5-4C23-968D-E5619402FE4A}.Release|Any CPU.ActiveCfg = Release|Any CPU
		{34810FAC-75B5-4C23-968D-E5619402FE4A}.Release|Any CPU.Build.0 = Release|Any CPU
	EndGlobalSection
	GlobalSection(SolutionProperties) = preSolution
		HideSolutionNode = FALSE
	EndGlobalSection
	GlobalSection(NestedProjects) = preSolution
		{188AABF6-D280-4360-A37E-2E659541CD93} = {ED733B20-0084-45E8-84AE-530947CCF027}
		{34810FAC-75B5-4C23-968D-E5619402FE4A} = {ED733B20-0084-45E8-84AE-530947CCF027}
	EndGlobalSection
	GlobalSection(ExtensibilityGlobals) = postSolution
		SolutionGuid = {44085F7E-1E21-42ED-A788-9F9CCCF5C33E}
	EndGlobalSection
EndGlobal
